
Microsoft Visual Studio Solution File, Format Version 12.00
# Visual Studio Version 17
VisualStudioVersion = 17.9.34714.143
MinimumVisualStudioVersion = 10.0.40219.1
Project("{FAE04EC0-301F-11D3-BF4B-00C04F79EFBC}") = "SchoolBooks", "SchoolBooks\SchoolBooks.csproj", "{955E7AF5-C715-4891-A843-84FA12BB2FAE}"
EndProject
Global
	GlobalSection(SolutionConfigurationPlatforms) = preSolution
		Debug|Any CPU = Debug|Any CPU
		Release|Any CPU = Release|Any CPU
	EndGlobalSection
	GlobalSection(ProjectConfigurationPlatforms) = postSolution
		{955E7AF5-C715-4891-A843-84FA12BB2FAE}.Debug|Any CPU.ActiveCfg = Debug|Any CPU
		{955E7AF5-C715-4891-A843-84FA12BB2FAE}.Debug|Any CPU.Build.0 = Debug|Any CPU
		{955E7AF5-C715-4891-A843-84FA12BB2FAE}.Release|Any CPU.ActiveCfg = Release|Any CPU
		{955E7AF5-C715-4891-A843-84FA12BB2FAE}.Release|Any CPU.Build.0 = Release|Any CPU
	EndGlobalSection
	GlobalSection(SolutionProperties) = preSolution
		HideSolutionNode = FALSE
	EndGlobalSection
	GlobalSection(ExtensibilityGlobals) = postSolution
		SolutionGuid = {7F2D2E2C-1DC5-4A79-AB21-1ADCD22D238E}
	EndGlobalSection
EndGlobal
